
Microsoft Visual Studio Solution File, Format Version 12.00
# Visual Studio Version 16
VisualStudioVersion = 16.0.29911.84
MinimumVisualStudioVersion = 10.0.40219.1
Project("{9A19103F-16F7-4668-BE54-9A1E7A4F7556}") = "MiP.Blazor.Behaviors", "MiP.Blazor.Behaviors\MiP.Blazor.Behaviors.csproj", "{98F23389-D80A-4A3A-B16A-9B9FD50F23A8}"
EndProject
Project("{9A19103F-16F7-4668-BE54-9A1E7A4F7556}") = "MiP.Blazor.Behaviors.Example", "MiP.Blazor.Behaviors.Example\MiP.Blazor.Behaviors.Example.csproj", "{875D2820-39A0-4074-A685-B744497D6C65}"
EndProject
Project("{9A19103F-16F7-4668-BE54-9A1E7A4F7556}") = "MiP.Blazor.Behaviors.Test", "MiP.Blazor.Behaviors.Test\MiP.Blazor.Behaviors.Test.csproj", "{DA7CDA01-A59B-4790-A743-6717084F7527}"
EndProject
Global
	GlobalSection(SolutionConfigurationPlatforms) = preSolution
		Debug|Any CPU = Debug|Any CPU
		Release|Any CPU = Release|Any CPU
	EndGlobalSection
	GlobalSection(ProjectConfigurationPlatforms) = postSolution
		{98F23389-D80A-4A3A-B16A-9B9FD50F23A8}.Debug|Any CPU.ActiveCfg = Debug|Any CPU
		{98F23389-D80A-4A3A-B16A-9B9FD50F23A8}.Debug|Any CPU.Build.0 = Debug|Any CPU
		{98F23389-D80A-4A3A-B16A-9B9FD50F23A8}.Release|Any CPU.ActiveCfg = Release|Any CPU
		{98F23389-D80A-4A3A-B16A-9B9FD50F23A8}.Release|Any CPU.Build.0 = Release|Any CPU
		{875D2820-39A0-4074-A685-B744497D6C65}.Debug|Any CPU.ActiveCfg = Debug|Any CPU
		{875D2820-39A0-4074-A685-B744497D6C65}.Debug|Any CPU.Build.0 = Debug|Any CPU
		{875D2820-39A0-4074-A685-B744497D6C65}.Release|Any CPU.ActiveCfg = Release|Any CPU
		{875D2820-39A0-4074-A685-B744497D6C65}.Release|Any CPU.Build.0 = Release|Any CPU
		{DA7CDA01-A59B-4790-A743-6717084F7527}.Debug|Any CPU.ActiveCfg = Debug|Any CPU
		{DA7CDA01-A59B-4790-A743-6717084F7527}.Debug|Any CPU.Build.0 = Debug|Any CPU
		{DA7CDA01-A59B-4790-A743-6717084F7527}.Release|Any CPU.ActiveCfg = Release|Any CPU
		{DA7CDA01-A59B-4790-A743-6717084F7527}.Release|Any CPU.Build.0 = Release|Any CPU
	EndGlobalSection
	GlobalSection(SolutionProperties) = preSolution
		HideSolutionNode = FALSE
	EndGlobalSection
	GlobalSection(ExtensibilityGlobals) = postSolution
		SolutionGuid = {76E5AF77-A296-436A-8FE3-0852B3BC94BB}
	EndGlobalSection
EndGlobal
